
Microsoft Visual Studio Solution File, Format Version 12.00
# Visual Studio Version 17
VisualStudioVersion = 17.8.34511.84
MinimumVisualStudioVersion = 10.0.40219.1
Project("{9A19103F-16F7-4668-BE54-9A1E7A4F7556}") = "SiteLeiloes", "SiteLeiloes.csproj", "{83B707E0-2882-4E3C-A4CE-C9ADD63AF2FC}"
EndProject
Global
	GlobalSection(SolutionConfigurationPlatforms) = preSolution
		Debug|Any CPU = Debug|Any CPU
		Release|Any CPU = Release|Any CPU
	EndGlobalSection
	GlobalSection(ProjectConfigurationPlatforms) = postSolution
		{83B707E0-2882-4E3C-A4CE-C9ADD63AF2FC}.Debug|Any CPU.ActiveCfg = Debug|Any CPU
		{83B707E0-2882-4E3C-A4CE-C9ADD63AF2FC}.Debug|Any CPU.Build.0 = Debug|Any CPU
		{83B707E0-2882-4E3C-A4CE-C9ADD63AF2FC}.Release|Any CPU.ActiveCfg = Release|Any CPU
		{83B707E0-2882-4E3C-A4CE-C9ADD63AF2FC}.Release|Any CPU.Build.0 = Release|Any CPU
	EndGlobalSection
	GlobalSection(SolutionProperties) = preSolution
		HideSolutionNode = FALSE
	EndGlobalSection
	GlobalSection(ExtensibilityGlobals) = postSolution
		SolutionGuid = {8F962557-4CA5-4369-A41C-89053494B6F4}
	EndGlobalSection
EndGlobal
